
Microsoft Visual Studio Solution File, Format Version 11.00
# Visual Studio 2010
Project("{FAE04EC0-301F-11D3-BF4B-00C04F79EFBC}") = "Yandex.Transfer", "Yandex.Transfer\Yandex.Transfer.csproj", "{6D572493-8E0A-464E-9F9B-923B26D49415}"
EndProject
Project("{FAE04EC0-301F-11D3-BF4B-00C04F79EFBC}") = "Yandex.Transformer", "Yandex.Transformer\Yandex.Transformer.csproj", "{FEDD5D7F-0A10-4AC3-AA1F-9A592A7566A2}"
EndProject
Project("{2150E333-8FDC-42A3-9474-1A3956D46DE8}") = "Core", "Core", "{D44D027E-C136-4382-B156-7235949B5A58}"
EndProject
Project("{2150E333-8FDC-42A3-9474-1A3956D46DE8}") = "Test", "Test", "{31550303-3590-4B59-8708-AD9A2FAC3EC1}"
EndProject
Project("{FAE04EC0-301F-11D3-BF4B-00C04F79EFBC}") = "Yandex.UnitTest", "Yandex.UnitTest\Yandex.UnitTest.csproj", "{3B4F82DA-852C-4CE6-86C4-A700410E1A9A}"
EndProject
Project("{2150E333-8FDC-42A3-9474-1A3956D46DE8}") = "Solution Items", "Solution Items", "{834385A8-B608-4846-BF26-3162A3E21276}"
	ProjectSection(SolutionItems) = preProject
		Local.testsettings = Local.testsettings
		TraceAndTestImpact.testsettings = TraceAndTestImpact.testsettings
		Yandex.vsmdi = Yandex.vsmdi
	EndProjectSection
EndProject
Project("{FAE04EC0-301F-11D3-BF4B-00C04F79EFBC}") = "Yandex.PostgresWriter", "Yandex.PostgresWriter\Yandex.PostgresWriter.csproj", "{C4498241-74FD-4BB0-AA7A-D56DFB7B1E72}"
EndProject
Global
	GlobalSection(TestCaseManagementSettings) = postSolution
		CategoryFile = Yandex.vsmdi
	EndGlobalSection
	GlobalSection(SolutionConfigurationPlatforms) = preSolution
		Debug|Any CPU = Debug|Any CPU
		Release|Any CPU = Release|Any CPU
	EndGlobalSection
	GlobalSection(ProjectConfigurationPlatforms) = postSolution
		{6D572493-8E0A-464E-9F9B-923B26D49415}.Debug|Any CPU.ActiveCfg = Debug|Any CPU
		{6D572493-8E0A-464E-9F9B-923B26D49415}.Debug|Any CPU.Build.0 = Debug|Any CPU
		{6D572493-8E0A-464E-9F9B-923B26D49415}.Release|Any CPU.ActiveCfg = Release|Any CPU
		{6D572493-8E0A-464E-9F9B-923B26D49415}.Release|Any CPU.Build.0 = Release|Any CPU
		{FEDD5D7F-0A10-4AC3-AA1F-9A592A7566A2}.Debug|Any CPU.ActiveCfg = Debug|Any CPU
		{FEDD5D7F-0A10-4AC3-AA1F-9A592A7566A2}.Debug|Any CPU.Build.0 = Debug|Any CPU
		{FEDD5D7F-0A10-4AC3-AA1F-9A592A7566A2}.Release|Any CPU.ActiveCfg = Release|Any CPU
		{FEDD5D7F-0A10-4AC3-AA1F-9A592A7566A2}.Release|Any CPU.Build.0 = Release|Any CPU
		{3B4F82DA-852C-4CE6-86C4-A700410E1A9A}.Debug|Any CPU.ActiveCfg = Debug|Any CPU
		{3B4F82DA-852C-4CE6-86C4-A700410E1A9A}.Debug|Any CPU.Build.0 = Debug|Any CPU
		{3B4F82DA-852C-4CE6-86C4-A700410E1A9A}.Release|Any CPU.ActiveCfg = Release|Any CPU
		{3B4F82DA-852C-4CE6-86C4-A700410E1A9A}.Release|Any CPU.Build.0 = Release|Any CPU
		{C4498241-74FD-4BB0-AA7A-D56DFB7B1E72}.Debug|Any CPU.ActiveCfg = Debug|Any CPU
		{C4498241-74FD-4BB0-AA7A-D56DFB7B1E72}.Debug|Any CPU.Build.0 = Debug|Any CPU
		{C4498241-74FD-4BB0-AA7A-D56DFB7B1E72}.Release|Any CPU.ActiveCfg = Release|Any CPU
		{C4498241-74FD-4BB0-AA7A-D56DFB7B1E72}.Release|Any CPU.Build.0 = Release|Any CPU
	EndGlobalSection
	GlobalSection(SolutionProperties) = preSolution
		HideSolutionNode = FALSE
	EndGlobalSection
	GlobalSection(NestedProjects) = preSolution
		{6D572493-8E0A-464E-9F9B-923B26D49415} = {D44D027E-C136-4382-B156-7235949B5A58}
		{FEDD5D7F-0A10-4AC3-AA1F-9A592A7566A2} = {D44D027E-C136-4382-B156-7235949B5A58}
		{C4498241-74FD-4BB0-AA7A-D56DFB7B1E72} = {D44D027E-C136-4382-B156-7235949B5A58}
		{3B4F82DA-852C-4CE6-86C4-A700410E1A9A} = {31550303-3590-4B59-8708-AD9A2FAC3EC1}
		{834385A8-B608-4846-BF26-3162A3E21276} = {31550303-3590-4B59-8708-AD9A2FAC3EC1}
	EndGlobalSection
EndGlobal
