
Microsoft Visual Studio Solution File, Format Version 11.00
# Visual Studio 2010
Project("{2150E333-8FDC-42A3-9474-1A3956D46DE8}") = "Core", "Core", "{D44D027E-C136-4382-B156-7235949B5A58}"
EndProject
Project("{2150E333-8FDC-42A3-9474-1A3956D46DE8}") = "Test", "Test", "{31550303-3590-4B59-8708-AD9A2FAC3EC1}"
EndProject
Project("{FAE04EC0-301F-11D3-BF4B-00C04F79EFBC}") = "Yandex.UnitTest", "Yandex.UnitTest\Yandex.UnitTest.csproj", "{3B4F82DA-852C-4CE6-86C4-A700410E1A9A}"
EndProject
Project("{2150E333-8FDC-42A3-9474-1A3956D46DE8}") = "Solution Items", "Solution Items", "{834385A8-B608-4846-BF26-3162A3E21276}"
	ProjectSection(SolutionItems) = preProject
		Local.testsettings = Local.testsettings
		TraceAndTestImpact.testsettings = TraceAndTestImpact.testsettings
		Yandex.vsmdi = Yandex.vsmdi
	EndProjectSection
EndProject
Project("{FAE04EC0-301F-11D3-BF4B-00C04F79EFBC}") = "Yandex.Transfer", "Yandex.Transfer\Yandex.Transfer.csproj", "{B7E65ADB-6392-41C3-80CE-0806F96B11F7}"
EndProject
Project("{FAE04EC0-301F-11D3-BF4B-00C04F79EFBC}") = "Yandex.Transformer", "Yandex.Transformer\Yandex.Transformer.csproj", "{8903624D-FFC1-460D-BDD9-DBAFCABC75A1}"
EndProject
Project("{FAE04EC0-301F-11D3-BF4B-00C04F79EFBC}") = "Yandex.LogProcessor", "Yandex.LogProcessor\Yandex.LogProcessor.csproj", "{96DCD89E-F162-43F2-A8E3-A9EAEDEDDA6B}"
EndProject
Project("{FAE04EC0-301F-11D3-BF4B-00C04F79EFBC}") = "Yandex.TopGetter", "Yandex.TopGetter\Yandex.TopGetter.csproj", "{C6344FBB-E9BF-4F5A-9620-86AA558B945B}"
EndProject
Project("{FAE04EC0-301F-11D3-BF4B-00C04F79EFBC}") = "Yandex.Grouper", "Yandex.Grouper\Yandex.Grouper.csproj", "{E5E06D05-F0CF-41AF-A822-1F654C3DFB47}"
EndProject
Project("{FAE04EC0-301F-11D3-BF4B-00C04F79EFBC}") = "Yandex.GroupbyAnalyzer", "Yandex.GroupbyAnalyzer\Yandex.GroupbyAnalyzer.csproj", "{3EA807DD-22B8-4BBB-B2FD-D1C243933B7A}"
EndProject
Project("{FAE04EC0-301F-11D3-BF4B-00C04F79EFBC}") = "Yandex.Utils", "Yandex.Utils\Yandex.Utils.csproj", "{2A8E53DB-AA89-4DBD-BA22-1E7F99F8B846}"
EndProject
Project("{FAE04EC0-301F-11D3-BF4B-00C04F79EFBC}") = "Yandex.InputFileReader", "Yandex.InputFileReader\Yandex.InputFileReader.csproj", "{F345AEED-BFBB-4B62-9073-09CAFB55A9B9}"
EndProject
Project("{2150E333-8FDC-42A3-9474-1A3956D46DE8}") = "Deprecated", "Deprecated", "{8CC7A962-36CA-49CB-B219-F13289436B07}"
EndProject
Project("{FAE04EC0-301F-11D3-BF4B-00C04F79EFBC}") = "Yandex.CoPrimes", "Yandex.CoPrimes\Yandex.CoPrimes.csproj", "{476597FE-384C-4726-9B6E-E349769B9AC6}"
EndProject
Project("{FAE04EC0-301F-11D3-BF4B-00C04F79EFBC}") = "Yandex.KMeans", "Yandex.KMeans\Yandex.KMeans.csproj", "{4FDEFC35-A162-4C62-B3E2-7F149B8A42CC}"
EndProject
Global
	GlobalSection(TestCaseManagementSettings) = postSolution
		CategoryFile = Yandex.vsmdi
	EndGlobalSection
	GlobalSection(SolutionConfigurationPlatforms) = preSolution
		Debug|Any CPU = Debug|Any CPU
		Debug|Mixed Platforms = Debug|Mixed Platforms
		Debug|x64 = Debug|x64
		Debug|x86 = Debug|x86
		Release|Any CPU = Release|Any CPU
		Release|Mixed Platforms = Release|Mixed Platforms
		Release|x64 = Release|x64
		Release|x86 = Release|x86
	EndGlobalSection
	GlobalSection(ProjectConfigurationPlatforms) = postSolution
		{3B4F82DA-852C-4CE6-86C4-A700410E1A9A}.Debug|Any CPU.ActiveCfg = Debug|Any CPU
		{3B4F82DA-852C-4CE6-86C4-A700410E1A9A}.Debug|Any CPU.Build.0 = Debug|Any CPU
		{3B4F82DA-852C-4CE6-86C4-A700410E1A9A}.Debug|Mixed Platforms.ActiveCfg = Debug|x64
		{3B4F82DA-852C-4CE6-86C4-A700410E1A9A}.Debug|Mixed Platforms.Build.0 = Debug|x64
		{3B4F82DA-852C-4CE6-86C4-A700410E1A9A}.Debug|x64.ActiveCfg = Debug|x64
		{3B4F82DA-852C-4CE6-86C4-A700410E1A9A}.Debug|x64.Build.0 = Debug|x64
		{3B4F82DA-852C-4CE6-86C4-A700410E1A9A}.Debug|x86.ActiveCfg = Debug|Any CPU
		{3B4F82DA-852C-4CE6-86C4-A700410E1A9A}.Release|Any CPU.ActiveCfg = Release|Any CPU
		{3B4F82DA-852C-4CE6-86C4-A700410E1A9A}.Release|Any CPU.Build.0 = Release|Any CPU
		{3B4F82DA-852C-4CE6-86C4-A700410E1A9A}.Release|Mixed Platforms.ActiveCfg = Release|Any CPU
		{3B4F82DA-852C-4CE6-86C4-A700410E1A9A}.Release|Mixed Platforms.Build.0 = Release|Any CPU
		{3B4F82DA-852C-4CE6-86C4-A700410E1A9A}.Release|x64.ActiveCfg = Release|Any CPU
		{3B4F82DA-852C-4CE6-86C4-A700410E1A9A}.Release|x64.Build.0 = Release|Any CPU
		{3B4F82DA-852C-4CE6-86C4-A700410E1A9A}.Release|x86.ActiveCfg = Release|Any CPU
		{B7E65ADB-6392-41C3-80CE-0806F96B11F7}.Debug|Any CPU.ActiveCfg = Debug|x86
		{B7E65ADB-6392-41C3-80CE-0806F96B11F7}.Debug|Mixed Platforms.ActiveCfg = Debug|x64
		{B7E65ADB-6392-41C3-80CE-0806F96B11F7}.Debug|Mixed Platforms.Build.0 = Debug|x64
		{B7E65ADB-6392-41C3-80CE-0806F96B11F7}.Debug|x64.ActiveCfg = Debug|x64
		{B7E65ADB-6392-41C3-80CE-0806F96B11F7}.Debug|x64.Build.0 = Debug|x64
		{B7E65ADB-6392-41C3-80CE-0806F96B11F7}.Debug|x86.ActiveCfg = Debug|x86
		{B7E65ADB-6392-41C3-80CE-0806F96B11F7}.Debug|x86.Build.0 = Debug|x86
		{B7E65ADB-6392-41C3-80CE-0806F96B11F7}.Release|Any CPU.ActiveCfg = Release|x86
		{B7E65ADB-6392-41C3-80CE-0806F96B11F7}.Release|Mixed Platforms.ActiveCfg = Release|x86
		{B7E65ADB-6392-41C3-80CE-0806F96B11F7}.Release|Mixed Platforms.Build.0 = Release|x86
		{B7E65ADB-6392-41C3-80CE-0806F96B11F7}.Release|x64.ActiveCfg = Release|x86
		{B7E65ADB-6392-41C3-80CE-0806F96B11F7}.Release|x86.ActiveCfg = Release|x86
		{B7E65ADB-6392-41C3-80CE-0806F96B11F7}.Release|x86.Build.0 = Release|x86
		{8903624D-FFC1-460D-BDD9-DBAFCABC75A1}.Debug|Any CPU.ActiveCfg = Debug|x86
		{8903624D-FFC1-460D-BDD9-DBAFCABC75A1}.Debug|Mixed Platforms.ActiveCfg = Debug|x64
		{8903624D-FFC1-460D-BDD9-DBAFCABC75A1}.Debug|Mixed Platforms.Build.0 = Debug|x64
		{8903624D-FFC1-460D-BDD9-DBAFCABC75A1}.Debug|x64.ActiveCfg = Debug|x64
		{8903624D-FFC1-460D-BDD9-DBAFCABC75A1}.Debug|x64.Build.0 = Debug|x64
		{8903624D-FFC1-460D-BDD9-DBAFCABC75A1}.Debug|x86.ActiveCfg = Debug|x86
		{8903624D-FFC1-460D-BDD9-DBAFCABC75A1}.Debug|x86.Build.0 = Debug|x86
		{8903624D-FFC1-460D-BDD9-DBAFCABC75A1}.Release|Any CPU.ActiveCfg = Release|x86
		{8903624D-FFC1-460D-BDD9-DBAFCABC75A1}.Release|Mixed Platforms.ActiveCfg = Release|x86
		{8903624D-FFC1-460D-BDD9-DBAFCABC75A1}.Release|Mixed Platforms.Build.0 = Release|x86
		{8903624D-FFC1-460D-BDD9-DBAFCABC75A1}.Release|x64.ActiveCfg = Release|x86
		{8903624D-FFC1-460D-BDD9-DBAFCABC75A1}.Release|x86.ActiveCfg = Release|x86
		{8903624D-FFC1-460D-BDD9-DBAFCABC75A1}.Release|x86.Build.0 = Release|x86
		{96DCD89E-F162-43F2-A8E3-A9EAEDEDDA6B}.Debug|Any CPU.ActiveCfg = Debug|x86
		{96DCD89E-F162-43F2-A8E3-A9EAEDEDDA6B}.Debug|Mixed Platforms.ActiveCfg = Debug|x64
		{96DCD89E-F162-43F2-A8E3-A9EAEDEDDA6B}.Debug|Mixed Platforms.Build.0 = Debug|x64
		{96DCD89E-F162-43F2-A8E3-A9EAEDEDDA6B}.Debug|x64.ActiveCfg = Debug|x64
		{96DCD89E-F162-43F2-A8E3-A9EAEDEDDA6B}.Debug|x64.Build.0 = Debug|x64
		{96DCD89E-F162-43F2-A8E3-A9EAEDEDDA6B}.Debug|x86.ActiveCfg = Debug|x86
		{96DCD89E-F162-43F2-A8E3-A9EAEDEDDA6B}.Debug|x86.Build.0 = Debug|x86
		{96DCD89E-F162-43F2-A8E3-A9EAEDEDDA6B}.Release|Any CPU.ActiveCfg = Release|x86
		{96DCD89E-F162-43F2-A8E3-A9EAEDEDDA6B}.Release|Mixed Platforms.ActiveCfg = Release|x86
		{96DCD89E-F162-43F2-A8E3-A9EAEDEDDA6B}.Release|Mixed Platforms.Build.0 = Release|x86
		{96DCD89E-F162-43F2-A8E3-A9EAEDEDDA6B}.Release|x64.ActiveCfg = Release|x86
		{96DCD89E-F162-43F2-A8E3-A9EAEDEDDA6B}.Release|x86.ActiveCfg = Release|x86
		{96DCD89E-F162-43F2-A8E3-A9EAEDEDDA6B}.Release|x86.Build.0 = Release|x86
		{C6344FBB-E9BF-4F5A-9620-86AA558B945B}.Debug|Any CPU.ActiveCfg = Debug|x86
		{C6344FBB-E9BF-4F5A-9620-86AA558B945B}.Debug|Mixed Platforms.ActiveCfg = Debug|x86
		{C6344FBB-E9BF-4F5A-9620-86AA558B945B}.Debug|Mixed Platforms.Build.0 = Debug|x86
		{C6344FBB-E9BF-4F5A-9620-86AA558B945B}.Debug|x64.ActiveCfg = Debug|x64
		{C6344FBB-E9BF-4F5A-9620-86AA558B945B}.Debug|x64.Build.0 = Debug|x64
		{C6344FBB-E9BF-4F5A-9620-86AA558B945B}.Debug|x86.ActiveCfg = Debug|x86
		{C6344FBB-E9BF-4F5A-9620-86AA558B945B}.Debug|x86.Build.0 = Debug|x86
		{C6344FBB-E9BF-4F5A-9620-86AA558B945B}.Release|Any CPU.ActiveCfg = Release|x86
		{C6344FBB-E9BF-4F5A-9620-86AA558B945B}.Release|Mixed Platforms.ActiveCfg = Release|x86
		{C6344FBB-E9BF-4F5A-9620-86AA558B945B}.Release|Mixed Platforms.Build.0 = Release|x86
		{C6344FBB-E9BF-4F5A-9620-86AA558B945B}.Release|x64.ActiveCfg = Release|x86
		{C6344FBB-E9BF-4F5A-9620-86AA558B945B}.Release|x86.ActiveCfg = Release|x86
		{C6344FBB-E9BF-4F5A-9620-86AA558B945B}.Release|x86.Build.0 = Release|x86
		{E5E06D05-F0CF-41AF-A822-1F654C3DFB47}.Debug|Any CPU.ActiveCfg = Debug|x86
		{E5E06D05-F0CF-41AF-A822-1F654C3DFB47}.Debug|Mixed Platforms.ActiveCfg = Debug|x86
		{E5E06D05-F0CF-41AF-A822-1F654C3DFB47}.Debug|Mixed Platforms.Build.0 = Debug|x86
		{E5E06D05-F0CF-41AF-A822-1F654C3DFB47}.Debug|x64.ActiveCfg = Debug|x64
		{E5E06D05-F0CF-41AF-A822-1F654C3DFB47}.Debug|x64.Build.0 = Debug|x64
		{E5E06D05-F0CF-41AF-A822-1F654C3DFB47}.Debug|x86.ActiveCfg = Debug|x86
		{E5E06D05-F0CF-41AF-A822-1F654C3DFB47}.Debug|x86.Build.0 = Debug|x86
		{E5E06D05-F0CF-41AF-A822-1F654C3DFB47}.Release|Any CPU.ActiveCfg = Release|x86
		{E5E06D05-F0CF-41AF-A822-1F654C3DFB47}.Release|Mixed Platforms.ActiveCfg = Release|x86
		{E5E06D05-F0CF-41AF-A822-1F654C3DFB47}.Release|Mixed Platforms.Build.0 = Release|x86
		{E5E06D05-F0CF-41AF-A822-1F654C3DFB47}.Release|x64.ActiveCfg = Release|x86
		{E5E06D05-F0CF-41AF-A822-1F654C3DFB47}.Release|x86.ActiveCfg = Release|x86
		{E5E06D05-F0CF-41AF-A822-1F654C3DFB47}.Release|x86.Build.0 = Release|x86
		{3EA807DD-22B8-4BBB-B2FD-D1C243933B7A}.Debug|Any CPU.ActiveCfg = Debug|x86
		{3EA807DD-22B8-4BBB-B2FD-D1C243933B7A}.Debug|Mixed Platforms.ActiveCfg = Debug|x64
		{3EA807DD-22B8-4BBB-B2FD-D1C243933B7A}.Debug|Mixed Platforms.Build.0 = Debug|x64
		{3EA807DD-22B8-4BBB-B2FD-D1C243933B7A}.Debug|x64.ActiveCfg = Debug|x64
		{3EA807DD-22B8-4BBB-B2FD-D1C243933B7A}.Debug|x64.Build.0 = Debug|x64
		{3EA807DD-22B8-4BBB-B2FD-D1C243933B7A}.Debug|x86.ActiveCfg = Debug|x86
		{3EA807DD-22B8-4BBB-B2FD-D1C243933B7A}.Debug|x86.Build.0 = Debug|x86
		{3EA807DD-22B8-4BBB-B2FD-D1C243933B7A}.Release|Any CPU.ActiveCfg = Release|x86
		{3EA807DD-22B8-4BBB-B2FD-D1C243933B7A}.Release|Mixed Platforms.ActiveCfg = Release|x86
		{3EA807DD-22B8-4BBB-B2FD-D1C243933B7A}.Release|Mixed Platforms.Build.0 = Release|x86
		{3EA807DD-22B8-4BBB-B2FD-D1C243933B7A}.Release|x64.ActiveCfg = Release|x86
		{3EA807DD-22B8-4BBB-B2FD-D1C243933B7A}.Release|x86.ActiveCfg = Release|x86
		{3EA807DD-22B8-4BBB-B2FD-D1C243933B7A}.Release|x86.Build.0 = Release|x86
		{2A8E53DB-AA89-4DBD-BA22-1E7F99F8B846}.Debug|Any CPU.ActiveCfg = Debug|Any CPU
		{2A8E53DB-AA89-4DBD-BA22-1E7F99F8B846}.Debug|Any CPU.Build.0 = Debug|Any CPU
		{2A8E53DB-AA89-4DBD-BA22-1E7F99F8B846}.Debug|Mixed Platforms.ActiveCfg = Debug|Any CPU
		{2A8E53DB-AA89-4DBD-BA22-1E7F99F8B846}.Debug|Mixed Platforms.Build.0 = Debug|Any CPU
		{2A8E53DB-AA89-4DBD-BA22-1E7F99F8B846}.Debug|x64.ActiveCfg = Debug|x64
		{2A8E53DB-AA89-4DBD-BA22-1E7F99F8B846}.Debug|x64.Build.0 = Debug|x64
		{2A8E53DB-AA89-4DBD-BA22-1E7F99F8B846}.Debug|x86.ActiveCfg = Debug|Any CPU
		{2A8E53DB-AA89-4DBD-BA22-1E7F99F8B846}.Release|Any CPU.ActiveCfg = Release|Any CPU
		{2A8E53DB-AA89-4DBD-BA22-1E7F99F8B846}.Release|Any CPU.Build.0 = Release|Any CPU
		{2A8E53DB-AA89-4DBD-BA22-1E7F99F8B846}.Release|Mixed Platforms.ActiveCfg = Release|Any CPU
		{2A8E53DB-AA89-4DBD-BA22-1E7F99F8B846}.Release|Mixed Platforms.Build.0 = Release|Any CPU
		{2A8E53DB-AA89-4DBD-BA22-1E7F99F8B846}.Release|x64.ActiveCfg = Release|Any CPU
		{2A8E53DB-AA89-4DBD-BA22-1E7F99F8B846}.Release|x86.ActiveCfg = Release|Any CPU
		{F345AEED-BFBB-4B62-9073-09CAFB55A9B9}.Debug|Any CPU.ActiveCfg = Debug|x86
		{F345AEED-BFBB-4B62-9073-09CAFB55A9B9}.Debug|Mixed Platforms.ActiveCfg = Debug|x64
		{F345AEED-BFBB-4B62-9073-09CAFB55A9B9}.Debug|Mixed Platforms.Build.0 = Debug|x64
		{F345AEED-BFBB-4B62-9073-09CAFB55A9B9}.Debug|x64.ActiveCfg = Debug|x64
		{F345AEED-BFBB-4B62-9073-09CAFB55A9B9}.Debug|x64.Build.0 = Debug|x64
		{F345AEED-BFBB-4B62-9073-09CAFB55A9B9}.Debug|x86.ActiveCfg = Debug|x86
		{F345AEED-BFBB-4B62-9073-09CAFB55A9B9}.Debug|x86.Build.0 = Debug|x86
		{F345AEED-BFBB-4B62-9073-09CAFB55A9B9}.Release|Any CPU.ActiveCfg = Release|x86
		{F345AEED-BFBB-4B62-9073-09CAFB55A9B9}.Release|Mixed Platforms.ActiveCfg = Release|x86
		{F345AEED-BFBB-4B62-9073-09CAFB55A9B9}.Release|Mixed Platforms.Build.0 = Release|x86
		{F345AEED-BFBB-4B62-9073-09CAFB55A9B9}.Release|x64.ActiveCfg = Release|x86
		{F345AEED-BFBB-4B62-9073-09CAFB55A9B9}.Release|x86.ActiveCfg = Release|x86
		{F345AEED-BFBB-4B62-9073-09CAFB55A9B9}.Release|x86.Build.0 = Release|x86
		{476597FE-384C-4726-9B6E-E349769B9AC6}.Debug|Any CPU.ActiveCfg = Debug|x86
		{476597FE-384C-4726-9B6E-E349769B9AC6}.Debug|Mixed Platforms.ActiveCfg = Debug|x86
		{476597FE-384C-4726-9B6E-E349769B9AC6}.Debug|Mixed Platforms.Build.0 = Debug|x86
		{476597FE-384C-4726-9B6E-E349769B9AC6}.Debug|x64.ActiveCfg = Debug|x86
		{476597FE-384C-4726-9B6E-E349769B9AC6}.Debug|x86.ActiveCfg = Debug|x86
		{476597FE-384C-4726-9B6E-E349769B9AC6}.Debug|x86.Build.0 = Debug|x86
		{476597FE-384C-4726-9B6E-E349769B9AC6}.Release|Any CPU.ActiveCfg = Release|x86
		{476597FE-384C-4726-9B6E-E349769B9AC6}.Release|Mixed Platforms.ActiveCfg = Release|x86
		{476597FE-384C-4726-9B6E-E349769B9AC6}.Release|Mixed Platforms.Build.0 = Release|x86
		{476597FE-384C-4726-9B6E-E349769B9AC6}.Release|x64.ActiveCfg = Release|x86
		{476597FE-384C-4726-9B6E-E349769B9AC6}.Release|x86.ActiveCfg = Release|x86
		{476597FE-384C-4726-9B6E-E349769B9AC6}.Release|x86.Build.0 = Release|x86
		{4FDEFC35-A162-4C62-B3E2-7F149B8A42CC}.Debug|Any CPU.ActiveCfg = Debug|x64
		{4FDEFC35-A162-4C62-B3E2-7F149B8A42CC}.Debug|Mixed Platforms.ActiveCfg = Debug|x64
		{4FDEFC35-A162-4C62-B3E2-7F149B8A42CC}.Debug|Mixed Platforms.Build.0 = Debug|x64
		{4FDEFC35-A162-4C62-B3E2-7F149B8A42CC}.Debug|x64.ActiveCfg = Debug|x64
		{4FDEFC35-A162-4C62-B3E2-7F149B8A42CC}.Debug|x64.Build.0 = Debug|x64
		{4FDEFC35-A162-4C62-B3E2-7F149B8A42CC}.Debug|x86.ActiveCfg = Debug|x86
		{4FDEFC35-A162-4C62-B3E2-7F149B8A42CC}.Debug|x86.Build.0 = Debug|x86
		{4FDEFC35-A162-4C62-B3E2-7F149B8A42CC}.Release|Any CPU.ActiveCfg = Release|x64
		{4FDEFC35-A162-4C62-B3E2-7F149B8A42CC}.Release|Mixed Platforms.ActiveCfg = Release|x64
		{4FDEFC35-A162-4C62-B3E2-7F149B8A42CC}.Release|Mixed Platforms.Build.0 = Release|x64
		{4FDEFC35-A162-4C62-B3E2-7F149B8A42CC}.Release|x64.ActiveCfg = Release|x64
		{4FDEFC35-A162-4C62-B3E2-7F149B8A42CC}.Release|x64.Build.0 = Release|x64
		{4FDEFC35-A162-4C62-B3E2-7F149B8A42CC}.Release|x86.ActiveCfg = Release|x86
		{4FDEFC35-A162-4C62-B3E2-7F149B8A42CC}.Release|x86.Build.0 = Release|x86
	EndGlobalSection
	GlobalSection(SolutionProperties) = preSolution
		HideSolutionNode = FALSE
	EndGlobalSection
	GlobalSection(NestedProjects) = preSolution
		{8903624D-FFC1-460D-BDD9-DBAFCABC75A1} = {D44D027E-C136-4382-B156-7235949B5A58}
		{96DCD89E-F162-43F2-A8E3-A9EAEDEDDA6B} = {D44D027E-C136-4382-B156-7235949B5A58}
		{E5E06D05-F0CF-41AF-A822-1F654C3DFB47} = {D44D027E-C136-4382-B156-7235949B5A58}
		{3EA807DD-22B8-4BBB-B2FD-D1C243933B7A} = {D44D027E-C136-4382-B156-7235949B5A58}
		{2A8E53DB-AA89-4DBD-BA22-1E7F99F8B846} = {D44D027E-C136-4382-B156-7235949B5A58}
		{F345AEED-BFBB-4B62-9073-09CAFB55A9B9} = {D44D027E-C136-4382-B156-7235949B5A58}
		{476597FE-384C-4726-9B6E-E349769B9AC6} = {D44D027E-C136-4382-B156-7235949B5A58}
		{4FDEFC35-A162-4C62-B3E2-7F149B8A42CC} = {D44D027E-C136-4382-B156-7235949B5A58}
		{3B4F82DA-852C-4CE6-86C4-A700410E1A9A} = {31550303-3590-4B59-8708-AD9A2FAC3EC1}
		{834385A8-B608-4846-BF26-3162A3E21276} = {31550303-3590-4B59-8708-AD9A2FAC3EC1}
		{C6344FBB-E9BF-4F5A-9620-86AA558B945B} = {8CC7A962-36CA-49CB-B219-F13289436B07}
		{B7E65ADB-6392-41C3-80CE-0806F96B11F7} = {8CC7A962-36CA-49CB-B219-F13289436B07}
	EndGlobalSection
EndGlobal
